
Microsoft Visual Studio Solution File, Format Version 12.00
# Visual Studio Version 17
VisualStudioVersion = 17.0.31903.59
MinimumVisualStudioVersion = 10.0.40219.1
Project("{2150E333-8FDC-42A3-9474-1A3956D46DE8}") = "src", "src", "{827E0CD3-B72D-47B6-A68D-7590B98EB39B}"
EndProject
Project("{2150E333-8FDC-42A3-9474-1A3956D46DE8}") = "BuildingBlocks", "BuildingBlocks", "{90298CBA-BD6F-3A0A-69D5-97CAD7B05E7E}"
EndProject
Project("{FAE04EC0-301F-11D3-BF4B-00C04F79EFBC}") = "SCG.Application.Abstractions", "src\BuildingBlocks\SCG.Application.Abstractions\SCG.Application.Abstractions.csproj", "{A85BB575-1C35-47A1-8D6B-8C2A17B45077}"
EndProject
Project("{FAE04EC0-301F-11D3-BF4B-00C04F79EFBC}") = "SCG.Infrastructure.Common", "src\BuildingBlocks\SCG.Infrastructure.Common\SCG.Infrastructure.Common.csproj", "{88E030AC-EF1D-4AF2-871E-1F48C8773CB2}"
EndProject
Project("{FAE04EC0-301F-11D3-BF4B-00C04F79EFBC}") = "SCG.SharedKernel", "src\BuildingBlocks\SCG.SharedKernel\SCG.SharedKernel.csproj", "{7EA8053E-6E50-4C7F-A907-040C27DC3B2A}"
EndProject
Project("{2150E333-8FDC-42A3-9474-1A3956D46DE8}") = "Modules", "Modules", "{EC447DCF-ABFA-6E24-52A5-D7FD48A5C558}"
EndProject
Project("{2150E333-8FDC-42A3-9474-1A3956D46DE8}") = "AgencyManagement", "AgencyManagement", "{5736836A-654D-DFC0-59CE-A4D353213869}"
EndProject
Project("{FAE04EC0-301F-11D3-BF4B-00C04F79EFBC}") = "SCG.AgencyManagement.Application", "src\Modules\AgencyManagement\SCG.AgencyManagement.Application\SCG.AgencyManagement.Application.csproj", "{31983BC1-9DAB-4EEA-B7A0-E4D4DECF2C90}"
EndProject
Project("{FAE04EC0-301F-11D3-BF4B-00C04F79EFBC}") = "SCG.AgencyManagement.Domain", "src\Modules\AgencyManagement\SCG.AgencyManagement.Domain\SCG.AgencyManagement.Domain.csproj", "{62D29F84-7108-4B98-943D-3CFDE05B04E9}"
EndProject
Project("{FAE04EC0-301F-11D3-BF4B-00C04F79EFBC}") = "SCG.AgencyManagement.Infrastructure", "src\Modules\AgencyManagement\SCG.AgencyManagement.Infrastructure\SCG.AgencyManagement.Infrastructure.csproj", "{7BBD8624-3F12-43BE-80BE-4A40B76B98CD}"
EndProject
Project("{2150E333-8FDC-42A3-9474-1A3956D46DE8}") = "Identity", "Identity", "{0EC62A1A-9858-3A60-8A0C-FC9AACFA2EC7}"
EndProject
Project("{FAE04EC0-301F-11D3-BF4B-00C04F79EFBC}") = "SCG.Identity.Application", "src\Modules\Identity\SCG.Identity.Application\SCG.Identity.Application.csproj", "{76B0DD91-2DB6-43D2-9718-697B9EE1E2D8}"
EndProject
Project("{FAE04EC0-301F-11D3-BF4B-00C04F79EFBC}") = "SCG.Identity.Domain", "src\Modules\Identity\SCG.Identity.Domain\SCG.Identity.Domain.csproj", "{5E7CE934-34D3-43E6-B007-1B81E95320D1}"
EndProject
Project("{FAE04EC0-301F-11D3-BF4B-00C04F79EFBC}") = "SCG.Identity.Infrastructure", "src\Modules\Identity\SCG.Identity.Infrastructure\SCG.Identity.Infrastructure.csproj", "{FE35D0C9-9BED-4B60-ABD6-C238B5AABCF2}"
EndProject
Project("{2150E333-8FDC-42A3-9474-1A3956D46DE8}") = "InquiryManagement", "InquiryManagement", "{52B113B7-4B1C-BE88-5C19-A107CEB8691F}"
EndProject
Project("{FAE04EC0-301F-11D3-BF4B-00C04F79EFBC}") = "SCG.InquiryManagement.Application", "src\Modules\InquiryManagement\SCG.InquiryManagement.Application\SCG.InquiryManagement.Application.csproj", "{89BAD34D-6FDC-4613-9713-EB378F5ADD90}"
EndProject
Project("{FAE04EC0-301F-11D3-BF4B-00C04F79EFBC}") = "SCG.InquiryManagement.Domain", "src\Modules\InquiryManagement\SCG.InquiryManagement.Domain\SCG.InquiryManagement.Domain.csproj", "{1CF9475B-70BF-479C-9DCC-EE3CC6C2AB0A}"
EndProject
Project("{FAE04EC0-301F-11D3-BF4B-00C04F79EFBC}") = "SCG.InquiryManagement.Infrastructure", "src\Modules\InquiryManagement\SCG.InquiryManagement.Infrastructure\SCG.InquiryManagement.Infrastructure.csproj", "{5276EE24-08A6-41E2-98E4-EA49F3619746}"
EndProject
Project("{2150E333-8FDC-42A3-9474-1A3956D46DE8}") = "Notification", "Notification", "{4F8133DB-A301-0A1E-3DDE-929E67CC9B96}"
EndProject
Project("{FAE04EC0-301F-11D3-BF4B-00C04F79EFBC}") = "SCG.Notification.Application", "src\Modules\Notification\SCG.Notification.Application\SCG.Notification.Application.csproj", "{76DF23C8-CF87-4EC1-85AE-3D4CB3529AE5}"
EndProject
Project("{FAE04EC0-301F-11D3-BF4B-00C04F79EFBC}") = "SCG.Notification.Domain", "src\Modules\Notification\SCG.Notification.Domain\SCG.Notification.Domain.csproj", "{10CEC7D9-99DB-4E4A-8B2C-D62699F8DE01}"
EndProject
Project("{FAE04EC0-301F-11D3-BF4B-00C04F79EFBC}") = "SCG.Notification.Infrastructure", "src\Modules\Notification\SCG.Notification.Infrastructure\SCG.Notification.Infrastructure.csproj", "{B75B4F72-8A93-41F7-95FC-F3669C30B381}"
EndProject
Project("{2150E333-8FDC-42A3-9474-1A3956D46DE8}") = "RulesAndConfiguration", "RulesAndConfiguration", "{6CEA4486-9C55-1E1C-BE05-1F2BF906809D}"
EndProject
Project("{FAE04EC0-301F-11D3-BF4B-00C04F79EFBC}") = "SCG.Rules.Application", "src\Modules\RulesAndConfiguration\SCG.Rules.Application\SCG.Rules.Application.csproj", "{7DF2A2BD-0F2A-486F-B4C5-E5493B8B6C87}"
EndProject
Project("{FAE04EC0-301F-11D3-BF4B-00C04F79EFBC}") = "SCG.Rules.Domain", "src\Modules\RulesAndConfiguration\SCG.Rules.Domain\SCG.Rules.Domain.csproj", "{5F1F5A93-F176-47D1-AEE3-5AA73174EED8}"
EndProject
Project("{FAE04EC0-301F-11D3-BF4B-00C04F79EFBC}") = "SCG.Rules.Infrastructure", "src\Modules\RulesAndConfiguration\SCG.Rules.Infrastructure\SCG.Rules.Infrastructure.csproj", "{477A7C7B-A781-4AAD-A0AD-DF4CA22447BB}"
EndProject
Project("{2150E333-8FDC-42A3-9474-1A3956D46DE8}") = "Presentation", "Presentation", "{6996BBF7-DB31-59BC-C7DD-9A7CCC6138C4}"
EndProject
Project("{FAE04EC0-301F-11D3-BF4B-00C04F79EFBC}") = "SCG.API", "src\Presentation\SCG.API\SCG.API.csproj", "{A2BDF5BF-CAF9-4510-8844-12CA282747AF}"
EndProject
Project("{2150E333-8FDC-42A3-9474-1A3956D46DE8}") = "tests", "tests", "{0AB3BF05-4346-4AA6-1389-037BE0695223}"
EndProject
Project("{FAE04EC0-301F-11D3-BF4B-00C04F79EFBC}") = "SCG.ArchitectureTests", "tests\SCG.ArchitectureTests\SCG.ArchitectureTests.csproj", "{40CEB625-C2B7-4E62-A524-4EAEAF62DBFB}"
EndProject
Project("{FAE04EC0-301F-11D3-BF4B-00C04F79EFBC}") = "SCG.IntegrationTests", "tests\SCG.IntegrationTests\SCG.IntegrationTests.csproj", "{064D1F26-1A9E-44BC-B9A3-80B864E7899D}"
EndProject
Project("{FAE04EC0-301F-11D3-BF4B-00C04F79EFBC}") = "SCG.UnitTests", "tests\SCG.UnitTests\SCG.UnitTests.csproj", "{AE5F4090-8AB2-429D-ADFF-D74C15301B4B}"
EndProject
Global
	GlobalSection(SolutionConfigurationPlatforms) = preSolution
		Debug|Any CPU = Debug|Any CPU
		Debug|x64 = Debug|x64
		Debug|x86 = Debug|x86
		Release|Any CPU = Release|Any CPU
		Release|x64 = Release|x64
		Release|x86 = Release|x86
	EndGlobalSection
	GlobalSection(ProjectConfigurationPlatforms) = postSolution
		{A85BB575-1C35-47A1-8D6B-8C2A17B45077}.Debug|Any CPU.ActiveCfg = Debug|Any CPU
		{A85BB575-1C35-47A1-8D6B-8C2A17B45077}.Debug|Any CPU.Build.0 = Debug|Any CPU
		{A85BB575-1C35-47A1-8D6B-8C2A17B45077}.Debug|x64.ActiveCfg = Debug|Any CPU
		{A85BB575-1C35-47A1-8D6B-8C2A17B45077}.Debug|x64.Build.0 = Debug|Any CPU
		{A85BB575-1C35-47A1-8D6B-8C2A17B45077}.Debug|x86.ActiveCfg = Debug|Any CPU
		{A85BB575-1C35-47A1-8D6B-8C2A17B45077}.Debug|x86.Build.0 = Debug|Any CPU
		{A85BB575-1C35-47A1-8D6B-8C2A17B45077}.Release|Any CPU.ActiveCfg = Release|Any CPU
		{A85BB575-1C35-47A1-8D6B-8C2A17B45077}.Release|Any CPU.Build.0 = Release|Any CPU
		{A85BB575-1C35-47A1-8D6B-8C2A17B45077}.Release|x64.ActiveCfg = Release|Any CPU
		{A85BB575-1C35-47A1-8D6B-8C2A17B45077}.Release|x64.Build.0 = Release|Any CPU
		{A85BB575-1C35-47A1-8D6B-8C2A17B45077}.Release|x86.ActiveCfg = Release|Any CPU
		{A85BB575-1C35-47A1-8D6B-8C2A17B45077}.Release|x86.Build.0 = Release|Any CPU
		{88E030AC-EF1D-4AF2-871E-1F48C8773CB2}.Debug|Any CPU.ActiveCfg = Debug|Any CPU
		{88E030AC-EF1D-4AF2-871E-1F48C8773CB2}.Debug|Any CPU.Build.0 = Debug|Any CPU
		{88E030AC-EF1D-4AF2-871E-1F48C8773CB2}.Debug|x64.ActiveCfg = Debug|Any CPU
		{88E030AC-EF1D-4AF2-871E-1F48C8773CB2}.Debug|x64.Build.0 = Debug|Any CPU
		{88E030AC-EF1D-4AF2-871E-1F48C8773CB2}.Debug|x86.ActiveCfg = Debug|Any CPU
		{88E030AC-EF1D-4AF2-871E-1F48C8773CB2}.Debug|x86.Build.0 = Debug|Any CPU
		{88E030AC-EF1D-4AF2-871E-1F48C8773CB2}.Release|Any CPU.ActiveCfg = Release|Any CPU
		{88E030AC-EF1D-4AF2-871E-1F48C8773CB2}.Release|Any CPU.Build.0 = Release|Any CPU
		{88E030AC-EF1D-4AF2-871E-1F48C8773CB2}.Release|x64.ActiveCfg = Release|Any CPU
		{88E030AC-EF1D-4AF2-871E-1F48C8773CB2}.Release|x64.Build.0 = Release|Any CPU
		{88E030AC-EF1D-4AF2-871E-1F48C8773CB2}.Release|x86.ActiveCfg = Release|Any CPU
		{88E030AC-EF1D-4AF2-871E-1F48C8773CB2}.Release|x86.Build.0 = Release|Any CPU
		{7EA8053E-6E50-4C7F-A907-040C27DC3B2A}.Debug|Any CPU.ActiveCfg = Debug|Any CPU
		{7EA8053E-6E50-4C7F-A907-040C27DC3B2A}.Debug|Any CPU.Build.0 = Debug|Any CPU
		{7EA8053E-6E50-4C7F-A907-040C27DC3B2A}.Debug|x64.ActiveCfg = Debug|Any CPU
		{7EA8053E-6E50-4C7F-A907-040C27DC3B2A}.Debug|x64.Build.0 = Debug|Any CPU
		{7EA8053E-6E50-4C7F-A907-040C27DC3B2A}.Debug|x86.ActiveCfg = Debug|Any CPU
		{7EA8053E-6E50-4C7F-A907-040C27DC3B2A}.Debug|x86.Build.0 = Debug|Any CPU
		{7EA8053E-6E50-4C7F-A907-040C27DC3B2A}.Release|Any CPU.ActiveCfg = Release|Any CPU
		{7EA8053E-6E50-4C7F-A907-040C27DC3B2A}.Release|Any CPU.Build.0 = Release|Any CPU
		{7EA8053E-6E50-4C7F-A907-040C27DC3B2A}.Release|x64.ActiveCfg = Release|Any CPU
		{7EA8053E-6E50-4C7F-A907-040C27DC3B2A}.Release|x64.Build.0 = Release|Any CPU
		{7EA8053E-6E50-4C7F-A907-040C27DC3B2A}.Release|x86.ActiveCfg = Release|Any CPU
		{7EA8053E-6E50-4C7F-A907-040C27DC3B2A}.Release|x86.Build.0 = Release|Any CPU
		{31983BC1-9DAB-4EEA-B7A0-E4D4DECF2C90}.Debug|Any CPU.ActiveCfg = Debug|Any CPU
		{31983BC1-9DAB-4EEA-B7A0-E4D4DECF2C90}.Debug|Any CPU.Build.0 = Debug|Any CPU
		{31983BC1-9DAB-4EEA-B7A0-E4D4DECF2C90}.Debug|x64.ActiveCfg = Debug|Any CPU
		{31983BC1-9DAB-4EEA-B7A0-E4D4DECF2C90}.Debug|x64.Build.0 = Debug|Any CPU
		{31983BC1-9DAB-4EEA-B7A0-E4D4DECF2C90}.Debug|x86.ActiveCfg = Debug|Any CPU
		{31983BC1-9DAB-4EEA-B7A0-E4D4DECF2C90}.Debug|x86.Build.0 = Debug|Any CPU
		{31983BC1-9DAB-4EEA-B7A0-E4D4DECF2C90}.Release|Any CPU.ActiveCfg = Release|Any CPU
		{31983BC1-9DAB-4EEA-B7A0-E4D4DECF2C90}.Release|Any CPU.Build.0 = Release|Any CPU
		{31983BC1-9DAB-4EEA-B7A0-E4D4DECF2C90}.Release|x64.ActiveCfg = Release|Any CPU
		{31983BC1-9DAB-4EEA-B7A0-E4D4DECF2C90}.Release|x64.Build.0 = Release|Any CPU
		{31983BC1-9DAB-4EEA-B7A0-E4D4DECF2C90}.Release|x86.ActiveCfg = Release|Any CPU
		{31983BC1-9DAB-4EEA-B7A0-E4D4DECF2C90}.Release|x86.Build.0 = Release|Any CPU
		{62D29F84-7108-4B98-943D-3CFDE05B04E9}.Debug|Any CPU.ActiveCfg = Debug|Any CPU
		{62D29F84-7108-4B98-943D-3CFDE05B04E9}.Debug|Any CPU.Build.0 = Debug|Any CPU
		{62D29F84-7108-4B98-943D-3CFDE05B04E9}.Debug|x64.ActiveCfg = Debug|Any CPU
		{62D29F84-7108-4B98-943D-3CFDE05B04E9}.Debug|x64.Build.0 = Debug|Any CPU
		{62D29F84-7108-4B98-943D-3CFDE05B04E9}.Debug|x86.ActiveCfg = Debug|Any CPU
		{62D29F84-7108-4B98-943D-3CFDE05B04E9}.Debug|x86.Build.0 = Debug|Any CPU
		{62D29F84-7108-4B98-943D-3CFDE05B04E9}.Release|Any CPU.ActiveCfg = Release|Any CPU
		{62D29F84-7108-4B98-943D-3CFDE05B04E9}.Release|Any CPU.Build.0 = Release|Any CPU
		{62D29F84-7108-4B98-943D-3CFDE05B04E9}.Release|x64.ActiveCfg = Release|Any CPU
		{62D29F84-7108-4B98-943D-3CFDE05B04E9}.Release|x64.Build.0 = Release|Any CPU
		{62D29F84-7108-4B98-943D-3CFDE05B04E9}.Release|x86.ActiveCfg = Release|Any CPU
		{62D29F84-7108-4B98-943D-3CFDE05B04E9}.Release|x86.Build.0 = Release|Any CPU
		{7BBD8624-3F12-43BE-80BE-4A40B76B98CD}.Debug|Any CPU.ActiveCfg = Debug|Any CPU
		{7BBD8624-3F12-43BE-80BE-4A40B76B98CD}.Debug|Any CPU.Build.0 = Debug|Any CPU
		{7BBD8624-3F12-43BE-80BE-4A40B76B98CD}.Debug|x64.ActiveCfg = Debug|Any CPU
		{7BBD8624-3F12-43BE-80BE-4A40B76B98CD}.Debug|x64.Build.0 = Debug|Any CPU
		{7BBD8624-3F12-43BE-80BE-4A40B76B98CD}.Debug|x86.ActiveCfg = Debug|Any CPU
		{7BBD8624-3F12-43BE-80BE-4A40B76B98CD}.Debug|x86.Build.0 = Debug|Any CPU
		{7BBD8624-3F12-43BE-80BE-4A40B76B98CD}.Release|Any CPU.ActiveCfg = Release|Any CPU
		{7BBD8624-3F12-43BE-80BE-4A40B76B98CD}.Release|Any CPU.Build.0 = Release|Any CPU
		{7BBD8624-3F12-43BE-80BE-4A40B76B98CD}.Release|x64.ActiveCfg = Release|Any CPU
		{7BBD8624-3F12-43BE-80BE-4A40B76B98CD}.Release|x64.Build.0 = Release|Any CPU
		{7BBD8624-3F12-43BE-80BE-4A40B76B98CD}.Release|x86.ActiveCfg = Release|Any CPU
		{7BBD8624-3F12-43BE-80BE-4A40B76B98CD}.Release|x86.Build.0 = Release|Any CPU
		{76B0DD91-2DB6-43D2-9718-697B9EE1E2D8}.Debug|Any CPU.ActiveCfg = Debug|Any CPU
		{76B0DD91-2DB6-43D2-9718-697B9EE1E2D8}.Debug|Any CPU.Build.0 = Debug|Any CPU
		{76B0DD91-2DB6-43D2-9718-697B9EE1E2D8}.Debug|x64.ActiveCfg = Debug|Any CPU
		{76B0DD91-2DB6-43D2-9718-697B9EE1E2D8}.Debug|x64.Build.0 = Debug|Any CPU
		{76B0DD91-2DB6-43D2-9718-697B9EE1E2D8}.Debug|x86.ActiveCfg = Debug|Any CPU
		{76B0DD91-2DB6-43D2-9718-697B9EE1E2D8}.Debug|x86.Build.0 = Debug|Any CPU
		{76B0DD91-2DB6-43D2-9718-697B9EE1E2D8}.Release|Any CPU.ActiveCfg = Release|Any CPU
		{76B0DD91-2DB6-43D2-9718-697B9EE1E2D8}.Release|Any CPU.Build.0 = Release|Any CPU
		{76B0DD91-2DB6-43D2-9718-697B9EE1E2D8}.Release|x64.ActiveCfg = Release|Any CPU
		{76B0DD91-2DB6-43D2-9718-697B9EE1E2D8}.Release|x64.Build.0 = Release|Any CPU
		{76B0DD91-2DB6-43D2-9718-697B9EE1E2D8}.Release|x86.ActiveCfg = Release|Any CPU
		{76B0DD91-2DB6-43D2-9718-697B9EE1E2D8}.Release|x86.Build.0 = Release|Any CPU
		{5E7CE934-34D3-43E6-B007-1B81E95320D1}.Debug|Any CPU.ActiveCfg = Debug|Any CPU
		{5E7CE934-34D3-43E6-B007-1B81E95320D1}.Debug|Any CPU.Build.0 = Debug|Any CPU
		{5E7CE934-34D3-43E6-B007-1B81E95320D1}.Debug|x64.ActiveCfg = Debug|Any CPU
		{5E7CE934-34D3-43E6-B007-1B81E95320D1}.Debug|x64.Build.0 = Debug|Any CPU
		{5E7CE934-34D3-43E6-B007-1B81E95320D1}.Debug|x86.ActiveCfg = Debug|Any CPU
		{5E7CE934-34D3-43E6-B007-1B81E95320D1}.Debug|x86.Build.0 = Debug|Any CPU
		{5E7CE934-34D3-43E6-B007-1B81E95320D1}.Release|Any CPU.ActiveCfg = Release|Any CPU
		{5E7CE934-34D3-43E6-B007-1B81E95320D1}.Release|Any CPU.Build.0 = Release|Any CPU
		{5E7CE934-34D3-43E6-B007-1B81E95320D1}.Release|x64.ActiveCfg = Release|Any CPU
		{5E7CE934-34D3-43E6-B007-1B81E95320D1}.Release|x64.Build.0 = Release|Any CPU
		{5E7CE934-34D3-43E6-B007-1B81E95320D1}.Release|x86.ActiveCfg = Release|Any CPU
		{5E7CE934-34D3-43E6-B007-1B81E95320D1}.Release|x86.Build.0 = Release|Any CPU
		{FE35D0C9-9BED-4B60-ABD6-C238B5AABCF2}.Debug|Any CPU.ActiveCfg = Debug|Any CPU
		{FE35D0C9-9BED-4B60-ABD6-C238B5AABCF2}.Debug|Any CPU.Build.0 = Debug|Any CPU
		{FE35D0C9-9BED-4B60-ABD6-C238B5AABCF2}.Debug|x64.ActiveCfg = Debug|Any CPU
		{FE35D0C9-9BED-4B60-ABD6-C238B5AABCF2}.Debug|x64.Build.0 = Debug|Any CPU
		{FE35D0C9-9BED-4B60-ABD6-C238B5AABCF2}.Debug|x86.ActiveCfg = Debug|Any CPU
		{FE35D0C9-9BED-4B60-ABD6-C238B5AABCF2}.Debug|x86.Build.0 = Debug|Any CPU
		{FE35D0C9-9BED-4B60-ABD6-C238B5AABCF2}.Release|Any CPU.ActiveCfg = Release|Any CPU
		{FE35D0C9-9BED-4B60-ABD6-C238B5AABCF2}.Release|Any CPU.Build.0 = Release|Any CPU
		{FE35D0C9-9BED-4B60-ABD6-C238B5AABCF2}.Release|x64.ActiveCfg = Release|Any CPU
		{FE35D0C9-9BED-4B60-ABD6-C238B5AABCF2}.Release|x64.Build.0 = Release|Any CPU
		{FE35D0C9-9BED-4B60-ABD6-C238B5AABCF2}.Release|x86.ActiveCfg = Release|Any CPU
		{FE35D0C9-9BED-4B60-ABD6-C238B5AABCF2}.Release|x86.Build.0 = Release|Any CPU
		{89BAD34D-6FDC-4613-9713-EB378F5ADD90}.Debug|Any CPU.ActiveCfg = Debug|Any CPU
		{89BAD34D-6FDC-4613-9713-EB378F5ADD90}.Debug|Any CPU.Build.0 = Debug|Any CPU
		{89BAD34D-6FDC-4613-9713-EB378F5ADD90}.Debug|x64.ActiveCfg = Debug|Any CPU
		{89BAD34D-6FDC-4613-9713-EB378F5ADD90}.Debug|x64.Build.0 = Debug|Any CPU
		{89BAD34D-6FDC-4613-9713-EB378F5ADD90}.Debug|x86.ActiveCfg = Debug|Any CPU
		{89BAD34D-6FDC-4613-9713-EB378F5ADD90}.Debug|x86.Build.0 = Debug|Any CPU
		{89BAD34D-6FDC-4613-9713-EB378F5ADD90}.Release|Any CPU.ActiveCfg = Release|Any CPU
		{89BAD34D-6FDC-4613-9713-EB378F5ADD90}.Release|Any CPU.Build.0 = Release|Any CPU
		{89BAD34D-6FDC-4613-9713-EB378F5ADD90}.Release|x64.ActiveCfg = Release|Any CPU
		{89BAD34D-6FDC-4613-9713-EB378F5ADD90}.Release|x64.Build.0 = Release|Any CPU
		{89BAD34D-6FDC-4613-9713-EB378F5ADD90}.Release|x86.ActiveCfg = Release|Any CPU
		{89BAD34D-6FDC-4613-9713-EB378F5ADD90}.Release|x86.Build.0 = Release|Any CPU
		{1CF9475B-70BF-479C-9DCC-EE3CC6C2AB0A}.Debug|Any CPU.ActiveCfg = Debug|Any CPU
		{1CF9475B-70BF-479C-9DCC-EE3CC6C2AB0A}.Debug|Any CPU.Build.0 = Debug|Any CPU
		{1CF9475B-70BF-479C-9DCC-EE3CC6C2AB0A}.Debug|x64.ActiveCfg = Debug|Any CPU
		{1CF9475B-70BF-479C-9DCC-EE3CC6C2AB0A}.Debug|x64.Build.0 = Debug|Any CPU
		{1CF9475B-70BF-479C-9DCC-EE3CC6C2AB0A}.Debug|x86.ActiveCfg = Debug|Any CPU
		{1CF9475B-70BF-479C-9DCC-EE3CC6C2AB0A}.Debug|x86.Build.0 = Debug|Any CPU
		{1CF9475B-70BF-479C-9DCC-EE3CC6C2AB0A}.Release|Any CPU.ActiveCfg = Release|Any CPU
		{1CF9475B-70BF-479C-9DCC-EE3CC6C2AB0A}.Release|Any CPU.Build.0 = Release|Any CPU
		{1CF9475B-70BF-479C-9DCC-EE3CC6C2AB0A}.Release|x64.ActiveCfg = Release|Any CPU
		{1CF9475B-70BF-479C-9DCC-EE3CC6C2AB0A}.Release|x64.Build.0 = Release|Any CPU
		{1CF9475B-70BF-479C-9DCC-EE3CC6C2AB0A}.Release|x86.ActiveCfg = Release|Any CPU
		{1CF9475B-70BF-479C-9DCC-EE3CC6C2AB0A}.Release|x86.Build.0 = Release|Any CPU
		{5276EE24-08A6-41E2-98E4-EA49F3619746}.Debug|Any CPU.ActiveCfg = Debug|Any CPU
		{5276EE24-08A6-41E2-98E4-EA49F3619746}.Debug|Any CPU.Build.0 = Debug|Any CPU
		{5276EE24-08A6-41E2-98E4-EA49F3619746}.Debug|x64.ActiveCfg = Debug|Any CPU
		{5276EE24-08A6-41E2-98E4-EA49F3619746}.Debug|x64.Build.0 = Debug|Any CPU
		{5276EE24-08A6-41E2-98E4-EA49F3619746}.Debug|x86.ActiveCfg = Debug|Any CPU
		{5276EE24-08A6-41E2-98E4-EA49F3619746}.Debug|x86.Build.0 = Debug|Any CPU
		{5276EE24-08A6-41E2-98E4-EA49F3619746}.Release|Any CPU.ActiveCfg = Release|Any CPU
		{5276EE24-08A6-41E2-98E4-EA49F3619746}.Release|Any CPU.Build.0 = Release|Any CPU
		{5276EE24-08A6-41E2-98E4-EA49F3619746}.Release|x64.ActiveCfg = Release|Any CPU
		{5276EE24-08A6-41E2-98E4-EA49F3619746}.Release|x64.Build.0 = Release|Any CPU
		{5276EE24-08A6-41E2-98E4-EA49F3619746}.Release|x86.ActiveCfg = Release|Any CPU
		{5276EE24-08A6-41E2-98E4-EA49F3619746}.Release|x86.Build.0 = Release|Any CPU
		{76DF23C8-CF87-4EC1-85AE-3D4CB3529AE5}.Debug|Any CPU.ActiveCfg = Debug|Any CPU
		{76DF23C8-CF87-4EC1-85AE-3D4CB3529AE5}.Debug|Any CPU.Build.0 = Debug|Any CPU
		{76DF23C8-CF87-4EC1-85AE-3D4CB3529AE5}.Debug|x64.ActiveCfg = Debug|Any CPU
		{76DF23C8-CF87-4EC1-85AE-3D4CB3529AE5}.Debug|x64.Build.0 = Debug|Any CPU
		{76DF23C8-CF87-4EC1-85AE-3D4CB3529AE5}.Debug|x86.ActiveCfg = Debug|Any CPU
		{76DF23C8-CF87-4EC1-85AE-3D4CB3529AE5}.Debug|x86.Build.0 = Debug|Any CPU
		{76DF23C8-CF87-4EC1-85AE-3D4CB3529AE5}.Release|Any CPU.ActiveCfg = Release|Any CPU
		{76DF23C8-CF87-4EC1-85AE-3D4CB3529AE5}.Release|Any CPU.Build.0 = Release|Any CPU
		{76DF23C8-CF87-4EC1-85AE-3D4CB3529AE5}.Release|x64.ActiveCfg = Release|Any CPU
		{76DF23C8-CF87-4EC1-85AE-3D4CB3529AE5}.Release|x64.Build.0 = Release|Any CPU
		{76DF23C8-CF87-4EC1-85AE-3D4CB3529AE5}.Release|x86.ActiveCfg = Release|Any CPU
		{76DF23C8-CF87-4EC1-85AE-3D4CB3529AE5}.Release|x86.Build.0 = Release|Any CPU
		{10CEC7D9-99DB-4E4A-8B2C-D62699F8DE01}.Debug|Any CPU.ActiveCfg = Debug|Any CPU
		{10CEC7D9-99DB-4E4A-8B2C-D62699F8DE01}.Debug|Any CPU.Build.0 = Debug|Any CPU
		{10CEC7D9-99DB-4E4A-8B2C-D62699F8DE01}.Debug|x64.ActiveCfg = Debug|Any CPU
		{10CEC7D9-99DB-4E4A-8B2C-D62699F8DE01}.Debug|x64.Build.0 = Debug|Any CPU
		{10CEC7D9-99DB-4E4A-8B2C-D62699F8DE01}.Debug|x86.ActiveCfg = Debug|Any CPU
		{10CEC7D9-99DB-4E4A-8B2C-D62699F8DE01}.Debug|x86.Build.0 = Debug|Any CPU
		{10CEC7D9-99DB-4E4A-8B2C-D62699F8DE01}.Release|Any CPU.ActiveCfg = Release|Any CPU
		{10CEC7D9-99DB-4E4A-8B2C-D62699F8DE01}.Release|Any CPU.Build.0 = Release|Any CPU
		{10CEC7D9-99DB-4E4A-8B2C-D62699F8DE01}.Release|x64.ActiveCfg = Release|Any CPU
		{10CEC7D9-99DB-4E4A-8B2C-D62699F8DE01}.Release|x64.Build.0 = Release|Any CPU
		{10CEC7D9-99DB-4E4A-8B2C-D62699F8DE01}.Release|x86.ActiveCfg = Release|Any CPU
		{10CEC7D9-99DB-4E4A-8B2C-D62699F8DE01}.Release|x86.Build.0 = Release|Any CPU
		{B75B4F72-8A93-41F7-95FC-F3669C30B381}.Debug|Any CPU.ActiveCfg = Debug|Any CPU
		{B75B4F72-8A93-41F7-95FC-F3669C30B381}.Debug|Any CPU.Build.0 = Debug|Any CPU
		{B75B4F72-8A93-41F7-95FC-F3669C30B381}.Debug|x64.ActiveCfg = Debug|Any CPU
		{B75B4F72-8A93-41F7-95FC-F3669C30B381}.Debug|x64.Build.0 = Debug|Any CPU
		{B75B4F72-8A93-41F7-95FC-F3669C30B381}.Debug|x86.ActiveCfg = Debug|Any CPU
		{B75B4F72-8A93-41F7-95FC-F3669C30B381}.Debug|x86.Build.0 = Debug|Any CPU
		{B75B4F72-8A93-41F7-95FC-F3669C30B381}.Release|Any CPU.ActiveCfg = Release|Any CPU
		{B75B4F72-8A93-41F7-95FC-F3669C30B381}.Release|Any CPU.Build.0 = Release|Any CPU
		{B75B4F72-8A93-41F7-95FC-F3669C30B381}.Release|x64.ActiveCfg = Release|Any CPU
		{B75B4F72-8A93-41F7-95FC-F3669C30B381}.Release|x64.Build.0 = Release|Any CPU
		{B75B4F72-8A93-41F7-95FC-F3669C30B381}.Release|x86.ActiveCfg = Release|Any CPU
		{B75B4F72-8A93-41F7-95FC-F3669C30B381}.Release|x86.Build.0 = Release|Any CPU
		{7DF2A2BD-0F2A-486F-B4C5-E5493B8B6C87}.Debug|Any CPU.ActiveCfg = Debug|Any CPU
		{7DF2A2BD-0F2A-486F-B4C5-E5493B8B6C87}.Debug|Any CPU.Build.0 = Debug|Any CPU
		{7DF2A2BD-0F2A-486F-B4C5-E5493B8B6C87}.Debug|x64.ActiveCfg = Debug|Any CPU
		{7DF2A2BD-0F2A-486F-B4C5-E5493B8B6C87}.Debug|x64.Build.0 = Debug|Any CPU
		{7DF2A2BD-0F2A-486F-B4C5-E5493B8B6C87}.Debug|x86.ActiveCfg = Debug|Any CPU
		{7DF2A2BD-0F2A-486F-B4C5-E5493B8B6C87}.Debug|x86.Build.0 = Debug|Any CPU
		{7DF2A2BD-0F2A-486F-B4C5-E5493B8B6C87}.Release|Any CPU.ActiveCfg = Release|Any CPU
		{7DF2A2BD-0F2A-486F-B4C5-E5493B8B6C87}.Release|Any CPU.Build.0 = Release|Any CPU
		{7DF2A2BD-0F2A-486F-B4C5-E5493B8B6C87}.Release|x64.ActiveCfg = Release|Any CPU
		{7DF2A2BD-0F2A-486F-B4C5-E5493B8B6C87}.Release|x64.Build.0 = Release|Any CPU
		{7DF2A2BD-0F2A-486F-B4C5-E5493B8B6C87}.Release|x86.ActiveCfg = Release|Any CPU
		{7DF2A2BD-0F2A-486F-B4C5-E5493B8B6C87}.Release|x86.Build.0 = Release|Any CPU
		{5F1F5A93-F176-47D1-AEE3-5AA73174EED8}.Debug|Any CPU.ActiveCfg = Debug|Any CPU
		{5F1F5A93-F176-47D1-AEE3-5AA73174EED8}.Debug|Any CPU.Build.0 = Debug|Any CPU
		{5F1F5A93-F176-47D1-AEE3-5AA73174EED8}.Debug|x64.ActiveCfg = Debug|Any CPU
		{5F1F5A93-F176-47D1-AEE3-5AA73174EED8}.Debug|x64.Build.0 = Debug|Any CPU
		{5F1F5A93-F176-47D1-AEE3-5AA73174EED8}.Debug|x86.ActiveCfg = Debug|Any CPU
		{5F1F5A93-F176-47D1-AEE3-5AA73174EED8}.Debug|x86.Build.0 = Debug|Any CPU
		{5F1F5A93-F176-47D1-AEE3-5AA73174EED8}.Release|Any CPU.ActiveCfg = Release|Any CPU
		{5F1F5A93-F176-47D1-AEE3-5AA73174EED8}.Release|Any CPU.Build.0 = Release|Any CPU
		{5F1F5A93-F176-47D1-AEE3-5AA73174EED8}.Release|x64.ActiveCfg = Release|Any CPU
		{5F1F5A93-F176-47D1-AEE3-5AA73174EED8}.Release|x64.Build.0 = Release|Any CPU
		{5F1F5A93-F176-47D1-AEE3-5AA73174EED8}.Release|x86.ActiveCfg = Release|Any CPU
		{5F1F5A93-F176-47D1-AEE3-5AA73174EED8}.Release|x86.Build.0 = Release|Any CPU
		{477A7C7B-A781-4AAD-A0AD-DF4CA22447BB}.Debug|Any CPU.ActiveCfg = Debug|Any CPU
		{477A7C7B-A781-4AAD-A0AD-DF4CA22447BB}.Debug|Any CPU.Build.0 = Debug|Any CPU
		{477A7C7B-A781-4AAD-A0AD-DF4CA22447BB}.Debug|x64.ActiveCfg = Debug|Any CPU
		{477A7C7B-A781-4AAD-A0AD-DF4CA22447BB}.Debug|x64.Build.0 = Debug|Any CPU
		{477A7C7B-A781-4AAD-A0AD-DF4CA22447BB}.Debug|x86.ActiveCfg = Debug|Any CPU
		{477A7C7B-A781-4AAD-A0AD-DF4CA22447BB}.Debug|x86.Build.0 = Debug|Any CPU
		{477A7C7B-A781-4AAD-A0AD-DF4CA22447BB}.Release|Any CPU.ActiveCfg = Release|Any CPU
		{477A7C7B-A781-4AAD-A0AD-DF4CA22447BB}.Release|Any CPU.Build.0 = Release|Any CPU
		{477A7C7B-A781-4AAD-A0AD-DF4CA22447BB}.Release|x64.ActiveCfg = Release|Any CPU
		{477A7C7B-A781-4AAD-A0AD-DF4CA22447BB}.Release|x64.Build.0 = Release|Any CPU
		{477A7C7B-A781-4AAD-A0AD-DF4CA22447BB}.Release|x86.ActiveCfg = Release|Any CPU
		{477A7C7B-A781-4AAD-A0AD-DF4CA22447BB}.Release|x86.Build.0 = Release|Any CPU
		{A2BDF5BF-CAF9-4510-8844-12CA282747AF}.Debug|Any CPU.ActiveCfg = Debug|Any CPU
		{A2BDF5BF-CAF9-4510-8844-12CA282747AF}.Debug|Any CPU.Build.0 = Debug|Any CPU
		{A2BDF5BF-CAF9-4510-8844-12CA282747AF}.Debug|x64.ActiveCfg = Debug|Any CPU
		{A2BDF5BF-CAF9-4510-8844-12CA282747AF}.Debug|x64.Build.0 = Debug|Any CPU
		{A2BDF5BF-CAF9-4510-8844-12CA282747AF}.Debug|x86.ActiveCfg = Debug|Any CPU
		{A2BDF5BF-CAF9-4510-8844-12CA282747AF}.Debug|x86.Build.0 = Debug|Any CPU
		{A2BDF5BF-CAF9-4510-8844-12CA282747AF}.Release|Any CPU.ActiveCfg = Release|Any CPU
		{A2BDF5BF-CAF9-4510-8844-12CA282747AF}.Release|Any CPU.Build.0 = Release|Any CPU
		{A2BDF5BF-CAF9-4510-8844-12CA282747AF}.Release|x64.ActiveCfg = Release|Any CPU
		{A2BDF5BF-CAF9-4510-8844-12CA282747AF}.Release|x64.Build.0 = Release|Any CPU
		{A2BDF5BF-CAF9-4510-8844-12CA282747AF}.Release|x86.ActiveCfg = Release|Any CPU
		{A2BDF5BF-CAF9-4510-8844-12CA282747AF}.Release|x86.Build.0 = Release|Any CPU
		{40CEB625-C2B7-4E62-A524-4EAEAF62DBFB}.Debug|Any CPU.ActiveCfg = Debug|Any CPU
		{40CEB625-C2B7-4E62-A524-4EAEAF62DBFB}.Debug|Any CPU.Build.0 = Debug|Any CPU
		{40CEB625-C2B7-4E62-A524-4EAEAF62DBFB}.Debug|x64.ActiveCfg = Debug|Any CPU
		{40CEB625-C2B7-4E62-A524-4EAEAF62DBFB}.Debug|x64.Build.0 = Debug|Any CPU
		{40CEB625-C2B7-4E62-A524-4EAEAF62DBFB}.Debug|x86.ActiveCfg = Debug|Any CPU
		{40CEB625-C2B7-4E62-A524-4EAEAF62DBFB}.Debug|x86.Build.0 = Debug|Any CPU
		{40CEB625-C2B7-4E62-A524-4EAEAF62DBFB}.Release|Any CPU.ActiveCfg = Release|Any CPU
		{40CEB625-C2B7-4E62-A524-4EAEAF62DBFB}.Release|Any CPU.Build.0 = Release|Any CPU
		{40CEB625-C2B7-4E62-A524-4EAEAF62DBFB}.Release|x64.ActiveCfg = Release|Any CPU
		{40CEB625-C2B7-4E62-A524-4EAEAF62DBFB}.Release|x64.Build.0 = Release|Any CPU
		{40CEB625-C2B7-4E62-A524-4EAEAF62DBFB}.Release|x86.ActiveCfg = Release|Any CPU
		{40CEB625-C2B7-4E62-A524-4EAEAF62DBFB}.Release|x86.Build.0 = Release|Any CPU
		{064D1F26-1A9E-44BC-B9A3-80B864E7899D}.Debug|Any CPU.ActiveCfg = Debug|Any CPU
		{064D1F26-1A9E-44BC-B9A3-80B864E7899D}.Debug|Any CPU.Build.0 = Debug|Any CPU
		{064D1F26-1A9E-44BC-B9A3-80B864E7899D}.Debug|x64.ActiveCfg = Debug|Any CPU
		{064D1F26-1A9E-44BC-B9A3-80B864E7899D}.Debug|x64.Build.0 = Debug|Any CPU
		{064D1F26-1A9E-44BC-B9A3-80B864E7899D}.Debug|x86.ActiveCfg = Debug|Any CPU
		{064D1F26-1A9E-44BC-B9A3-80B864E7899D}.Debug|x86.Build.0 = Debug|Any CPU
		{064D1F26-1A9E-44BC-B9A3-80B864E7899D}.Release|Any CPU.ActiveCfg = Release|Any CPU
		{064D1F26-1A9E-44BC-B9A3-80B864E7899D}.Release|Any CPU.Build.0 = Release|Any CPU
		{064D1F26-1A9E-44BC-B9A3-80B864E7899D}.Release|x64.ActiveCfg = Release|Any CPU
		{064D1F26-1A9E-44BC-B9A3-80B864E7899D}.Release|x64.Build.0 = Release|Any CPU
		{064D1F26-1A9E-44BC-B9A3-80B864E7899D}.Release|x86.ActiveCfg = Release|Any CPU
		{064D1F26-1A9E-44BC-B9A3-80B864E7899D}.Release|x86.Build.0 = Release|Any CPU
		{AE5F4090-8AB2-429D-ADFF-D74C15301B4B}.Debug|Any CPU.ActiveCfg = Debug|Any CPU
		{AE5F4090-8AB2-429D-ADFF-D74C15301B4B}.Debug|Any CPU.Build.0 = Debug|Any CPU
		{AE5F4090-8AB2-429D-ADFF-D74C15301B4B}.Debug|x64.ActiveCfg = Debug|Any CPU
		{AE5F4090-8AB2-429D-ADFF-D74C15301B4B}.Debug|x64.Build.0 = Debug|Any CPU
		{AE5F4090-8AB2-429D-ADFF-D74C15301B4B}.Debug|x86.ActiveCfg = Debug|Any CPU
		{AE5F4090-8AB2-429D-ADFF-D74C15301B4B}.Debug|x86.Build.0 = Debug|Any CPU
		{AE5F4090-8AB2-429D-ADFF-D74C15301B4B}.Release|Any CPU.ActiveCfg = Release|Any CPU
		{AE5F4090-8AB2-429D-ADFF-D74C15301B4B}.Release|Any CPU.Build.0 = Release|Any CPU
		{AE5F4090-8AB2-429D-ADFF-D74C15301B4B}.Release|x64.ActiveCfg = Release|Any CPU
		{AE5F4090-8AB2-429D-ADFF-D74C15301B4B}.Release|x64.Build.0 = Release|Any CPU
		{AE5F4090-8AB2-429D-ADFF-D74C15301B4B}.Release|x86.ActiveCfg = Release|Any CPU
		{AE5F4090-8AB2-429D-ADFF-D74C15301B4B}.Release|x86.Build.0 = Release|Any CPU
	EndGlobalSection
	GlobalSection(SolutionProperties) = preSolution
		HideSolutionNode = FALSE
	EndGlobalSection
	GlobalSection(NestedProjects) = preSolution
		{90298CBA-BD6F-3A0A-69D5-97CAD7B05E7E} = {827E0CD3-B72D-47B6-A68D-7590B98EB39B}
		{A85BB575-1C35-47A1-8D6B-8C2A17B45077} = {90298CBA-BD6F-3A0A-69D5-97CAD7B05E7E}
		{88E030AC-EF1D-4AF2-871E-1F48C8773CB2} = {90298CBA-BD6F-3A0A-69D5-97CAD7B05E7E}
		{7EA8053E-6E50-4C7F-A907-040C27DC3B2A} = {90298CBA-BD6F-3A0A-69D5-97CAD7B05E7E}
		{EC447DCF-ABFA-6E24-52A5-D7FD48A5C558} = {827E0CD3-B72D-47B6-A68D-7590B98EB39B}
		{5736836A-654D-DFC0-59CE-A4D353213869} = {EC447DCF-ABFA-6E24-52A5-D7FD48A5C558}
		{31983BC1-9DAB-4EEA-B7A0-E4D4DECF2C90} = {5736836A-654D-DFC0-59CE-A4D353213869}
		{62D29F84-7108-4B98-943D-3CFDE05B04E9} = {5736836A-654D-DFC0-59CE-A4D353213869}
		{7BBD8624-3F12-43BE-80BE-4A40B76B98CD} = {5736836A-654D-DFC0-59CE-A4D353213869}
		{0EC62A1A-9858-3A60-8A0C-FC9AACFA2EC7} = {EC447DCF-ABFA-6E24-52A5-D7FD48A5C558}
		{76B0DD91-2DB6-43D2-9718-697B9EE1E2D8} = {0EC62A1A-9858-3A60-8A0C-FC9AACFA2EC7}
		{5E7CE934-34D3-43E6-B007-1B81E95320D1} = {0EC62A1A-9858-3A60-8A0C-FC9AACFA2EC7}
		{FE35D0C9-9BED-4B60-ABD6-C238B5AABCF2} = {0EC62A1A-9858-3A60-8A0C-FC9AACFA2EC7}
		{52B113B7-4B1C-BE88-5C19-A107CEB8691F} = {EC447DCF-ABFA-6E24-52A5-D7FD48A5C558}
		{89BAD34D-6FDC-4613-9713-EB378F5ADD90} = {52B113B7-4B1C-BE88-5C19-A107CEB8691F}
		{1CF9475B-70BF-479C-9DCC-EE3CC6C2AB0A} = {52B113B7-4B1C-BE88-5C19-A107CEB8691F}
		{5276EE24-08A6-41E2-98E4-EA49F3619746} = {52B113B7-4B1C-BE88-5C19-A107CEB8691F}
		{4F8133DB-A301-0A1E-3DDE-929E67CC9B96} = {EC447DCF-ABFA-6E24-52A5-D7FD48A5C558}
		{76DF23C8-CF87-4EC1-85AE-3D4CB3529AE5} = {4F8133DB-A301-0A1E-3DDE-929E67CC9B96}
		{10CEC7D9-99DB-4E4A-8B2C-D62699F8DE01} = {4F8133DB-A301-0A1E-3DDE-929E67CC9B96}
		{B75B4F72-8A93-41F7-95FC-F3669C30B381} = {4F8133DB-A301-0A1E-3DDE-929E67CC9B96}
		{6CEA4486-9C55-1E1C-BE05-1F2BF906809D} = {EC447DCF-ABFA-6E24-52A5-D7FD48A5C558}
		{7DF2A2BD-0F2A-486F-B4C5-E5493B8B6C87} = {6CEA4486-9C55-1E1C-BE05-1F2BF906809D}
		{5F1F5A93-F176-47D1-AEE3-5AA73174EED8} = {6CEA4486-9C55-1E1C-BE05-1F2BF906809D}
		{477A7C7B-A781-4AAD-A0AD-DF4CA22447BB} = {6CEA4486-9C55-1E1C-BE05-1F2BF906809D}
		{6996BBF7-DB31-59BC-C7DD-9A7CCC6138C4} = {827E0CD3-B72D-47B6-A68D-7590B98EB39B}
		{A2BDF5BF-CAF9-4510-8844-12CA282747AF} = {6996BBF7-DB31-59BC-C7DD-9A7CCC6138C4}
		{40CEB625-C2B7-4E62-A524-4EAEAF62DBFB} = {0AB3BF05-4346-4AA6-1389-037BE0695223}
		{064D1F26-1A9E-44BC-B9A3-80B864E7899D} = {0AB3BF05-4346-4AA6-1389-037BE0695223}
		{AE5F4090-8AB2-429D-ADFF-D74C15301B4B} = {0AB3BF05-4346-4AA6-1389-037BE0695223}
	EndGlobalSection
EndGlobal
